
Microsoft Visual Studio Solution File, Format Version 12.00
# Visual Studio 2015
Project("{FAE04EC0-301F-11D3-BF4B-00C04F79EFBC}") = "Test Island.CSharp.Plugins", "Test Island.CSharp.Plugins.csproj", "{29B5446D-2B4B-2F41-3AA4-3A32A2EC6268}"
EndProject
Project("{FAE04EC0-301F-11D3-BF4B-00C04F79EFBC}") = "Test Island.CSharp", "Test Island.CSharp.csproj", "{DA349CC8-8EC4-DBC3-3CC0-3C5E561A7B04}"
EndProject
Project("{FAE04EC0-301F-11D3-BF4B-00C04F79EFBC}") = "Test Island.CSharp.Editor", "Test Island.CSharp.Editor.csproj", "{3437846B-0896-F380-F29C-03A347D8B9AB}"
EndProject
Global
	GlobalSection(SolutionConfigurationPlatforms) = preSolution
		Debug|Any CPU = Debug|Any CPU
		Release|Any CPU = Release|Any CPU
	EndGlobalSection
	GlobalSection(ProjectConfigurationPlatforms) = postSolution
		{29B5446D-2B4B-2F41-3AA4-3A32A2EC6268}.Debug|Any CPU.ActiveCfg = Debug|Any CPU
		{29B5446D-2B4B-2F41-3AA4-3A32A2EC6268}.Debug|Any CPU.Build.0 = Debug|Any CPU
		{29B5446D-2B4B-2F41-3AA4-3A32A2EC6268}.Release|Any CPU.ActiveCfg = Release|Any CPU
		{29B5446D-2B4B-2F41-3AA4-3A32A2EC6268}.Release|Any CPU.Build.0 = Release|Any CPU
		{DA349CC8-8EC4-DBC3-3CC0-3C5E561A7B04}.Debug|Any CPU.ActiveCfg = Debug|Any CPU
		{DA349CC8-8EC4-DBC3-3CC0-3C5E561A7B04}.Debug|Any CPU.Build.0 = Debug|Any CPU
		{DA349CC8-8EC4-DBC3-3CC0-3C5E561A7B04}.Release|Any CPU.ActiveCfg = Release|Any CPU
		{DA349CC8-8EC4-DBC3-3CC0-3C5E561A7B04}.Release|Any CPU.Build.0 = Release|Any CPU
		{3437846B-0896-F380-F29C-03A347D8B9AB}.Debug|Any CPU.ActiveCfg = Debug|Any CPU
		{3437846B-0896-F380-F29C-03A347D8B9AB}.Debug|Any CPU.Build.0 = Debug|Any CPU
		{3437846B-0896-F380-F29C-03A347D8B9AB}.Release|Any CPU.ActiveCfg = Release|Any CPU
		{3437846B-0896-F380-F29C-03A347D8B9AB}.Release|Any CPU.Build.0 = Release|Any CPU
	EndGlobalSection
	GlobalSection(SolutionProperties) = preSolution
		HideSolutionNode = FALSE
	EndGlobalSection
EndGlobal
